
Microsoft Visual Studio Solution File, Format Version 12.00
# Visual Studio Version 17
VisualStudioVersion = 17.3.32922.545
MinimumVisualStudioVersion = 10.0.40219.1
Project("{FAE04EC0-301F-11D3-BF4B-00C04F79EFBC}") = "UnOrderedLinkedList", "UnOrderedLinkedList\UnOrderedLinkedList.csproj", "{9534D18A-C735-424C-9FAD-22FFB1786161}"
EndProject
Global
	GlobalSection(SolutionConfigurationPlatforms) = preSolution
		Debug|Any CPU = Debug|Any CPU
		Release|Any CPU = Release|Any CPU
	EndGlobalSection
	GlobalSection(ProjectConfigurationPlatforms) = postSolution
		{9534D18A-C735-424C-9FAD-22FFB1786161}.Debug|Any CPU.ActiveCfg = Debug|Any CPU
		{9534D18A-C735-424C-9FAD-22FFB1786161}.Debug|Any CPU.Build.0 = Debug|Any CPU
		{9534D18A-C735-424C-9FAD-22FFB1786161}.Release|Any CPU.ActiveCfg = Release|Any CPU
		{9534D18A-C735-424C-9FAD-22FFB1786161}.Release|Any CPU.Build.0 = Release|Any CPU
	EndGlobalSection
	GlobalSection(SolutionProperties) = preSolution
		HideSolutionNode = FALSE
	EndGlobalSection
	GlobalSection(ExtensibilityGlobals) = postSolution
		SolutionGuid = {A4C4631D-0B7A-4575-B654-C6B26B2F9C2B}
	EndGlobalSection
EndGlobal
